
Microsoft Visual Studio Solution File, Format Version 12.00
# Visual Studio Version 17
VisualStudioVersion = 17.1.32319.34
MinimumVisualStudioVersion = 10.0.40219.1
Project("{FAE04EC0-301F-11D3-BF4B-00C04F79EFBC}") = "AprensentacaoLocacao", "AprensentacaoLocacao\AprensentacaoLocacao.csproj", "{E32B6A4C-16F8-45E8-B0A2-D9B683BEDC48}"
EndProject
Project("{2150E333-8FDC-42A3-9474-1A3956D46DE8}") = "Apresentacao", "Apresentacao", "{D2B77CA6-63DF-452D-9403-0239080AA3A9}"
EndProject
Global
	GlobalSection(SolutionConfigurationPlatforms) = preSolution
		Debug|Any CPU = Debug|Any CPU
		Release|Any CPU = Release|Any CPU
	EndGlobalSection
	GlobalSection(ProjectConfigurationPlatforms) = postSolution
		{E32B6A4C-16F8-45E8-B0A2-D9B683BEDC48}.Debug|Any CPU.ActiveCfg = Debug|Any CPU
		{E32B6A4C-16F8-45E8-B0A2-D9B683BEDC48}.Debug|Any CPU.Build.0 = Debug|Any CPU
		{E32B6A4C-16F8-45E8-B0A2-D9B683BEDC48}.Release|Any CPU.ActiveCfg = Release|Any CPU
		{E32B6A4C-16F8-45E8-B0A2-D9B683BEDC48}.Release|Any CPU.Build.0 = Release|Any CPU
	EndGlobalSection
	GlobalSection(SolutionProperties) = preSolution
		HideSolutionNode = FALSE
	EndGlobalSection
	GlobalSection(NestedProjects) = preSolution
		{E32B6A4C-16F8-45E8-B0A2-D9B683BEDC48} = {D2B77CA6-63DF-452D-9403-0239080AA3A9}
	EndGlobalSection
	GlobalSection(ExtensibilityGlobals) = postSolution
		SolutionGuid = {01E79C3F-2CB8-449E-8FCE-BAC8C24FCF7A}
	EndGlobalSection
EndGlobal
